
Microsoft Visual Studio Solution File, Format Version 12.00
# Visual Studio Version 17
VisualStudioVersion = 17.0.32126.317
MinimumVisualStudioVersion = 10.0.40219.1
Project("{9A19103F-16F7-4668-BE54-9A1E7A4F7556}") = "API", "API.csproj", "{36246010-744E-4F2C-B525-7D6CBDF20E01}"
EndProject
Project("{9A19103F-16F7-4668-BE54-9A1E7A4F7556}") = "Domain", "..\Domain\Domain.csproj", "{1AC66C9A-EAAB-4957-AA5F-3A2804C7A4E0}"
EndProject
Project("{9A19103F-16F7-4668-BE54-9A1E7A4F7556}") = "Application", "..\Application\Application.csproj", "{71C8FA88-A5AE-49EA-BCB4-14A44DC69933}"
EndProject
Project("{9A19103F-16F7-4668-BE54-9A1E7A4F7556}") = "Persistence", "..\Persistence\Persistence.csproj", "{A46F7920-763E-4A7B-A723-BA071AB11E3A}"
EndProject
Project("{9A19103F-16F7-4668-BE54-9A1E7A4F7556}") = "Application.Tests", "..\Application.Test\Application.Tests.csproj", "{4625EB72-650D-42A3-A92F-05234F9ABF1C}"
EndProject
Project("{9A19103F-16F7-4668-BE54-9A1E7A4F7556}") = "API.Tests", "..\API.Tests\API.Tests.csproj", "{EC15A39D-E7C1-4395-A524-756CA08D5FFB}"
EndProject
Project("{2150E333-8FDC-42A3-9474-1A3956D46DE8}") = "Tests", "Tests", "{0EDCFA56-D505-4468-94F6-CFD9ED0B7E12}"
EndProject
Project("{9A19103F-16F7-4668-BE54-9A1E7A4F7556}") = "FixtureShared", "..\SuperFixture\FixtureShared.csproj", "{C9C96CB1-88F3-40AF-88B1-814E91304E2F}"
EndProject
Project("{FAE04EC0-301F-11D3-BF4B-00C04F79EFBC}") = "Infrastructure", "..\Infrastructure\Infrastructure.csproj", "{49E872BF-E723-44AC-9C11-D95CC077FE5B}"
EndProject
Project("{FAE04EC0-301F-11D3-BF4B-00C04F79EFBC}") = "DAL", "..\DAL\DAL.csproj", "{6D65D14C-5DEB-4234-913C-08D8AD619A9D}"
EndProject
Global
	GlobalSection(SolutionConfigurationPlatforms) = preSolution
		Debug|Any CPU = Debug|Any CPU
		Release|Any CPU = Release|Any CPU
	EndGlobalSection
	GlobalSection(ProjectConfigurationPlatforms) = postSolution
		{36246010-744E-4F2C-B525-7D6CBDF20E01}.Debug|Any CPU.ActiveCfg = Debug|Any CPU
		{36246010-744E-4F2C-B525-7D6CBDF20E01}.Debug|Any CPU.Build.0 = Debug|Any CPU
		{36246010-744E-4F2C-B525-7D6CBDF20E01}.Release|Any CPU.ActiveCfg = Release|Any CPU
		{36246010-744E-4F2C-B525-7D6CBDF20E01}.Release|Any CPU.Build.0 = Release|Any CPU
		{1AC66C9A-EAAB-4957-AA5F-3A2804C7A4E0}.Debug|Any CPU.ActiveCfg = Debug|Any CPU
		{1AC66C9A-EAAB-4957-AA5F-3A2804C7A4E0}.Debug|Any CPU.Build.0 = Debug|Any CPU
		{1AC66C9A-EAAB-4957-AA5F-3A2804C7A4E0}.Release|Any CPU.ActiveCfg = Release|Any CPU
		{1AC66C9A-EAAB-4957-AA5F-3A2804C7A4E0}.Release|Any CPU.Build.0 = Release|Any CPU
		{71C8FA88-A5AE-49EA-BCB4-14A44DC69933}.Debug|Any CPU.ActiveCfg = Debug|Any CPU
		{71C8FA88-A5AE-49EA-BCB4-14A44DC69933}.Debug|Any CPU.Build.0 = Debug|Any CPU
		{71C8FA88-A5AE-49EA-BCB4-14A44DC69933}.Release|Any CPU.ActiveCfg = Release|Any CPU
		{71C8FA88-A5AE-49EA-BCB4-14A44DC69933}.Release|Any CPU.Build.0 = Release|Any CPU
		{A46F7920-763E-4A7B-A723-BA071AB11E3A}.Debug|Any CPU.ActiveCfg = Debug|Any CPU
		{A46F7920-763E-4A7B-A723-BA071AB11E3A}.Debug|Any CPU.Build.0 = Debug|Any CPU
		{A46F7920-763E-4A7B-A723-BA071AB11E3A}.Release|Any CPU.ActiveCfg = Release|Any CPU
		{A46F7920-763E-4A7B-A723-BA071AB11E3A}.Release|Any CPU.Build.0 = Release|Any CPU
		{4625EB72-650D-42A3-A92F-05234F9ABF1C}.Debug|Any CPU.ActiveCfg = Debug|Any CPU
		{4625EB72-650D-42A3-A92F-05234F9ABF1C}.Debug|Any CPU.Build.0 = Debug|Any CPU
		{4625EB72-650D-42A3-A92F-05234F9ABF1C}.Release|Any CPU.ActiveCfg = Release|Any CPU
		{4625EB72-650D-42A3-A92F-05234F9ABF1C}.Release|Any CPU.Build.0 = Release|Any CPU
		{EC15A39D-E7C1-4395-A524-756CA08D5FFB}.Debug|Any CPU.ActiveCfg = Debug|Any CPU
		{EC15A39D-E7C1-4395-A524-756CA08D5FFB}.Debug|Any CPU.Build.0 = Debug|Any CPU
		{EC15A39D-E7C1-4395-A524-756CA08D5FFB}.Release|Any CPU.ActiveCfg = Release|Any CPU
		{EC15A39D-E7C1-4395-A524-756CA08D5FFB}.Release|Any CPU.Build.0 = Release|Any CPU
		{C9C96CB1-88F3-40AF-88B1-814E91304E2F}.Debug|Any CPU.ActiveCfg = Debug|Any CPU
		{C9C96CB1-88F3-40AF-88B1-814E91304E2F}.Debug|Any CPU.Build.0 = Debug|Any CPU
		{C9C96CB1-88F3-40AF-88B1-814E91304E2F}.Release|Any CPU.ActiveCfg = Release|Any CPU
		{C9C96CB1-88F3-40AF-88B1-814E91304E2F}.Release|Any CPU.Build.0 = Release|Any CPU
		{49E872BF-E723-44AC-9C11-D95CC077FE5B}.Debug|Any CPU.ActiveCfg = Debug|Any CPU
		{49E872BF-E723-44AC-9C11-D95CC077FE5B}.Debug|Any CPU.Build.0 = Debug|Any CPU
		{49E872BF-E723-44AC-9C11-D95CC077FE5B}.Release|Any CPU.ActiveCfg = Release|Any CPU
		{49E872BF-E723-44AC-9C11-D95CC077FE5B}.Release|Any CPU.Build.0 = Release|Any CPU
		{6D65D14C-5DEB-4234-913C-08D8AD619A9D}.Debug|Any CPU.ActiveCfg = Debug|Any CPU
		{6D65D14C-5DEB-4234-913C-08D8AD619A9D}.Debug|Any CPU.Build.0 = Debug|Any CPU
		{6D65D14C-5DEB-4234-913C-08D8AD619A9D}.Release|Any CPU.ActiveCfg = Release|Any CPU
		{6D65D14C-5DEB-4234-913C-08D8AD619A9D}.Release|Any CPU.Build.0 = Release|Any CPU
	EndGlobalSection
	GlobalSection(SolutionProperties) = preSolution
		HideSolutionNode = FALSE
	EndGlobalSection
	GlobalSection(NestedProjects) = preSolution
		{4625EB72-650D-42A3-A92F-05234F9ABF1C} = {0EDCFA56-D505-4468-94F6-CFD9ED0B7E12}
		{EC15A39D-E7C1-4395-A524-756CA08D5FFB} = {0EDCFA56-D505-4468-94F6-CFD9ED0B7E12}
		{C9C96CB1-88F3-40AF-88B1-814E91304E2F} = {0EDCFA56-D505-4468-94F6-CFD9ED0B7E12}
	EndGlobalSection
	GlobalSection(ExtensibilityGlobals) = postSolution
		SolutionGuid = {7AE29469-13BF-4D88-9449-ADF9F9C43970}
	EndGlobalSection
EndGlobal
